// !$*UTF8*$!
{
	archiveVersion = 1;
	classes = {
	};
	objectVersion = 46;
	objects = {

/* Begin PBXBuildFile section */
		250A67591F5901B6007F561B /* 1238084611_adjust in Resources */ = {isa = PBXBuildFile; fileRef = 250A67581F5901B6007F561B /* 1238084611_adjust */; };
		31822B9E1F502507002A7CC0 /* MapKit.framework in Frameworks */ = {isa = PBXBuildFile; fileRef = 31822B9D1F502507002A7CC0 /* MapKit.framework */; };
		31822BA01F50252B002A7CC0 /* PassKit.framework in Frameworks */ = {isa = PBXBuildFile; fileRef = 31822B9F1F50252B002A7CC0 /* PassKit.framework */; };
		31822C231F504BD5002A7CC0 /* ImageIO.framework in Frameworks */ = {isa = PBXBuildFile; fileRef = 253652F21F355EE900A1BB69 /* ImageIO.framework */; };
		B9219D3E1F1DA2E800B08AFA /* main.m in Sources */ = {isa = PBXBuildFile; fileRef = B9219D3D1F1DA2E800B08AFA /* main.m */; };
		B9219D411F1DA2E800B08AFA /* AppDelegate.m in Sources */ = {isa = PBXBuildFile; fileRef = B9219D401F1DA2E800B08AFA /* AppDelegate.m */; };
		B9219D441F1DA2E800B08AFA /* ViewController.m in Sources */ = {isa = PBXBuildFile; fileRef = B9219D431F1DA2E800B08AFA /* ViewController.m */; };
		B9219D471F1DA2E800B08AFA /* Main.storyboard in Resources */ = {isa = PBXBuildFile; fileRef = B9219D451F1DA2E800B08AFA /* Main.storyboard */; };
		B9219D491F1DA2E800B08AFA /* Assets.xcassets in Resources */ = {isa = PBXBuildFile; fileRef = B9219D481F1DA2E800B08AFA /* Assets.xcassets */; };
		B9219D4C1F1DA2E800B08AFA /* LaunchScreen.storyboard in Resources */ = {isa = PBXBuildFile; fileRef = B9219D4A1F1DA2E800B08AFA /* LaunchScreen.storyboard */; };
		B9219D571F1DA2E800B08AFA /* FineDemoTests.m in Sources */ = {isa = PBXBuildFile; fileRef = B9219D561F1DA2E800B08AFA /* FineDemoTests.m */; };
		B9219D621F1DA2E800B08AFA /* FineDemoUITests.m in Sources */ = {isa = PBXBuildFile; fileRef = B9219D611F1DA2E800B08AFA /* FineDemoUITests.m */; };
		B9351EBA1F345DC900A66C17 /* YFSettingViewController.m in Sources */ = {isa = PBXBuildFile; fileRef = B9351EB61F345DC900A66C17 /* YFSettingViewController.m */; };
		B9351EBB1F345DC900A66C17 /* YFSettingViewController.xib in Resources */ = {isa = PBXBuildFile; fileRef = B9351EB71F345DC900A66C17 /* YFSettingViewController.xib */; };
		B9351EBC1F345DC900A66C17 /* YFInterstitialDisplayViewController.m in Sources */ = {isa = PBXBuildFile; fileRef = B9351EB91F345DC900A66C17 /* YFInterstitialDisplayViewController.m */; };
		B9351EC71F345E9200A66C17 /* CustomIOSAlertView.m in Sources */ = {isa = PBXBuildFile; fileRef = B9351EC01F345E9200A66C17 /* CustomIOSAlertView.m */; };
		B9351EC81F345E9200A66C17 /* MBProgressHUD+EV.m in Sources */ = {isa = PBXBuildFile; fileRef = B9351EC21F345E9200A66C17 /* MBProgressHUD+EV.m */; };
		B9351EC91F345E9200A66C17 /* MBProgressHUD.m in Sources */ = {isa = PBXBuildFile; fileRef = B9351EC41F345E9200A66C17 /* MBProgressHUD.m */; };
		B9351ECA1F345E9200A66C17 /* UIViewController+BackButtonHandler.m in Sources */ = {isa = PBXBuildFile; fileRef = B9351EC61F345E9200A66C17 /* UIViewController+BackButtonHandler.m */; };
		B9351EE81F345EEE00A66C17 /* MASCompositeConstraint.m in Sources */ = {isa = PBXBuildFile; fileRef = B9351ECF1F345EEE00A66C17 /* MASCompositeConstraint.m */; };
		B9351EE91F345EEE00A66C17 /* MASConstraint.m in Sources */ = {isa = PBXBuildFile; fileRef = B9351ED21F345EEE00A66C17 /* MASConstraint.m */; };
		B9351EEA1F345EEE00A66C17 /* MASConstraintMaker.m in Sources */ = {isa = PBXBuildFile; fileRef = B9351ED41F345EEE00A66C17 /* MASConstraintMaker.m */; };
		B9351EEB1F345EEE00A66C17 /* MASLayoutConstraint.m in Sources */ = {isa = PBXBuildFile; fileRef = B9351ED61F345EEE00A66C17 /* MASLayoutConstraint.m */; };
		B9351EEC1F345EEE00A66C17 /* MASViewAttribute.m in Sources */ = {isa = PBXBuildFile; fileRef = B9351EDA1F345EEE00A66C17 /* MASViewAttribute.m */; };
		B9351EED1F345EEE00A66C17 /* MASViewConstraint.m in Sources */ = {isa = PBXBuildFile; fileRef = B9351EDC1F345EEE00A66C17 /* MASViewConstraint.m */; };
		B9351EEE1F345EEE00A66C17 /* NSArray+MASAdditions.m in Sources */ = {isa = PBXBuildFile; fileRef = B9351EDE1F345EEE00A66C17 /* NSArray+MASAdditions.m */; };
		B9351EEF1F345EEE00A66C17 /* NSLayoutConstraint+MASDebugAdditions.m in Sources */ = {isa = PBXBuildFile; fileRef = B9351EE11F345EEE00A66C17 /* NSLayoutConstraint+MASDebugAdditions.m */; };
		B9351EF01F345EEE00A66C17 /* View+MASAdditions.m in Sources */ = {isa = PBXBuildFile; fileRef = B9351EE31F345EEE00A66C17 /* View+MASAdditions.m */; };
		B9351EF11F345EEE00A66C17 /* ViewController+MASAdditions.m in Sources */ = {isa = PBXBuildFile; fileRef = B9351EE61F345EEE00A66C17 /* ViewController+MASAdditions.m */; };
		B93522F31F3595DE00A66C17 /* libxml2.tbd in Frameworks */ = {isa = PBXBuildFile; fileRef = B93522F21F3595DE00A66C17 /* libxml2.tbd */; };
		B93522F51F3595E500A66C17 /* libsqlite3.tbd in Frameworks */ = {isa = PBXBuildFile; fileRef = B93522F41F3595E500A66C17 /* libsqlite3.tbd */; };
		B93522F61F3595EA00A66C17 /* WebKit.framework in Frameworks */ = {isa = PBXBuildFile; fileRef = 253652DA1F355E6700A1BB69 /* WebKit.framework */; };
		B93522F71F3595F200A66C17 /* libz.tbd in Frameworks */ = {isa = PBXBuildFile; fileRef = 253653101F355F7D00A1BB69 /* libz.tbd */; };
		B93523001F3596CD00A66C17 /* AVFoundation.framework in Frameworks */ = {isa = PBXBuildFile; fileRef = 253653081F355F4A00A1BB69 /* AVFoundation.framework */; };
		B93523021F35970900A66C17 /* GLKit.framework in Frameworks */ = {isa = PBXBuildFile; fileRef = B93523011F35970900A66C17 /* GLKit.framework */; };
		B93523031F35971C00A66C17 /* iAd.framework in Frameworks */ = {isa = PBXBuildFile; fileRef = 253652F01F355EE400A1BB69 /* iAd.framework */; };
		B93523041F35972700A66C17 /* CoreMedia.framework in Frameworks */ = {isa = PBXBuildFile; fileRef = 253652FC1F355F0C00A1BB69 /* CoreMedia.framework */; };
		B93523051F35972700A66C17 /* CoreMotion.framework in Frameworks */ = {isa = PBXBuildFile; fileRef = 253652FE1F355F2700A1BB69 /* CoreMotion.framework */; };
		B93523061F35974700A66C17 /* CoreGraphics.framework in Frameworks */ = {isa = PBXBuildFile; fileRef = 253653021F355F3500A1BB69 /* CoreGraphics.framework */; };
		B93523081F35974700A66C17 /* CoreAudio.framework in Frameworks */ = {isa = PBXBuildFile; fileRef = B93523071F35974700A66C17 /* CoreAudio.framework */; };
		B93523091F35976F00A66C17 /* AssetsLibrary.framework in Frameworks */ = {isa = PBXBuildFile; fileRef = 2536530C1F355F5700A1BB69 /* AssetsLibrary.framework */; };
		B935230A1F3597CB00A66C17 /* AdSupport.framework in Frameworks */ = {isa = PBXBuildFile; fileRef = 2536530E1F355F5B00A1BB69 /* AdSupport.framework */; };
		B935230B1F3597FF00A66C17 /* MessageUI.framework in Frameworks */ = {isa = PBXBuildFile; fileRef = 253652EA1F355EC400A1BB69 /* MessageUI.framework */; };
		B935230E1F35982400A66C17 /* MediaPlayer.framework in Frameworks */ = {isa = PBXBuildFile; fileRef = 253652EC1F355ECB00A1BB69 /* MediaPlayer.framework */; };
		B935230F1F35984C00A66C17 /* CoreTelephony.framework in Frameworks */ = {isa = PBXBuildFile; fileRef = 253652FA1F355F0400A1BB69 /* CoreTelephony.framework */; };
		B93523101F35986F00A66C17 /* AudioToolbox.framework in Frameworks */ = {isa = PBXBuildFile; fileRef = 2536530A1F355F5100A1BB69 /* AudioToolbox.framework */; };
		B98DE3971F56A17A00B0CB70 /* FDNavigationViewController.m in Sources */ = {isa = PBXBuildFile; fileRef = B98DE3961F56A17A00B0CB70 /* FDNavigationViewController.m */; };
		B98DE39B1F56A24F00B0CB70 /* FDBaseViewController.m in Sources */ = {isa = PBXBuildFile; fileRef = B98DE39A1F56A24F00B0CB70 /* FDBaseViewController.m */; };
		B9BCCC811FFF172C00C33214 /* PluginSDKResources.bundle in Resources */ = {isa = PBXBuildFile; fileRef = B9BCCC5C1FFF172C00C33214 /* PluginSDKResources.bundle */; };
		B9BCCCA11FFF515A00C33214 /* FineSDK.framework in Frameworks */ = {isa = PBXBuildFile; fileRef = B9BCCCA01FFF515900C33214 /* FineSDK.framework */; };
		B9BCCCA41FFF5F7F00C33214 /* FineSDK.framework in Frameworks */ = {isa = PBXBuildFile; fileRef = B9BCCCA01FFF515900C33214 /* FineSDK.framework */; };
		B9BCCCA51FFF5F7F00C33214 /* FineSDK.framework in Embed Frameworks */ = {isa = PBXBuildFile; fileRef = B9BCCCA01FFF515900C33214 /* FineSDK.framework */; settings = {ATTRIBUTES = (CodeSignOnCopy, RemoveHeadersOnCopy, ); }; };
/* End PBXBuildFile section */

/* Begin PBXContainerItemProxy section */
		B9219D531F1DA2E800B08AFA /* PBXContainerItemProxy */ = {
			isa = PBXContainerItemProxy;
			containerPortal = B9219D311F1DA2E800B08AFA /* Project object */;
			proxyType = 1;
			remoteGlobalIDString = B9219D381F1DA2E800B08AFA;
			remoteInfo = FineDemo;
		};
		B9219D5E1F1DA2E800B08AFA /* PBXContainerItemProxy */ = {
			isa = PBXContainerItemProxy;
			containerPortal = B9219D311F1DA2E800B08AFA /* Project object */;
			proxyType = 1;
			remoteGlobalIDString = B9219D381F1DA2E800B08AFA;
			remoteInfo = FineDemo;
		};
/* End PBXContainerItemProxy section */

/* Begin PBXCopyFilesBuildPhase section */
		B9BCCCA61FFF5F7F00C33214 /* Embed Frameworks */ = {
			isa = PBXCopyFilesBuildPhase;
			buildActionMask = 2147483647;
			dstPath = "";
			dstSubfolderSpec = 10;
			files = (
				B9BCCCA51FFF5F7F00C33214 /* FineSDK.framework in Embed Frameworks */,
			);
			name = "Embed Frameworks";
			runOnlyForDeploymentPostprocessing = 0;
		};
/* End PBXCopyFilesBuildPhase section */

/* Begin PBXFileReference section */
		250A67581F5901B6007F561B /* 1238084611_adjust */ = {isa = PBXFileReference; lastKnownFileType = file; path = 1238084611_adjust; sourceTree = "<group>"; };
		253652DA1F355E6700A1BB69 /* WebKit.framework */ = {isa = PBXFileReference; lastKnownFileType = wrapper.framework; name = WebKit.framework; path = System/Library/Frameworks/WebKit.framework; sourceTree = SDKROOT; };
		253652DC1F355E6E00A1BB69 /* UIKit.framework */ = {isa = PBXFileReference; lastKnownFileType = wrapper.framework; name = UIKit.framework; path = System/Library/Frameworks/UIKit.framework; sourceTree = SDKROOT; };
		253652DE1F355E7400A1BB69 /* SystemConfiguration.framework */ = {isa = PBXFileReference; lastKnownFileType = wrapper.framework; name = SystemConfiguration.framework; path = System/Library/Frameworks/SystemConfiguration.framework; sourceTree = SDKROOT; };
		253652E01F355E7900A1BB69 /* StoreKit.framework */ = {isa = PBXFileReference; lastKnownFileType = wrapper.framework; name = StoreKit.framework; path = System/Library/Frameworks/StoreKit.framework; sourceTree = SDKROOT; };
		253652E21F355E8600A1BB69 /* Social.framework */ = {isa = PBXFileReference; lastKnownFileType = wrapper.framework; name = Social.framework; path = System/Library/Frameworks/Social.framework; sourceTree = SDKROOT; };
		253652E41F355E9200A1BB69 /* Security.framework */ = {isa = PBXFileReference; lastKnownFileType = wrapper.framework; name = Security.framework; path = System/Library/Frameworks/Security.framework; sourceTree = SDKROOT; };
		253652E61F355EA600A1BB69 /* QuartzCore.framework */ = {isa = PBXFileReference; lastKnownFileType = wrapper.framework; name = QuartzCore.framework; path = System/Library/Frameworks/QuartzCore.framework; sourceTree = SDKROOT; };
		253652E81F355EBB00A1BB69 /* MobileCoreServices.framework */ = {isa = PBXFileReference; lastKnownFileType = wrapper.framework; name = MobileCoreServices.framework; path = System/Library/Frameworks/MobileCoreServices.framework; sourceTree = SDKROOT; };
		253652EA1F355EC400A1BB69 /* MessageUI.framework */ = {isa = PBXFileReference; lastKnownFileType = wrapper.framework; name = MessageUI.framework; path = System/Library/Frameworks/MessageUI.framework; sourceTree = SDKROOT; };
		253652EC1F355ECB00A1BB69 /* MediaPlayer.framework */ = {isa = PBXFileReference; lastKnownFileType = wrapper.framework; name = MediaPlayer.framework; path = System/Library/Frameworks/MediaPlayer.framework; sourceTree = SDKROOT; };
		253652EE1F355EDA00A1BB69 /* JavaScriptCore.framework */ = {isa = PBXFileReference; lastKnownFileType = wrapper.framework; name = JavaScriptCore.framework; path = System/Library/Frameworks/JavaScriptCore.framework; sourceTree = SDKROOT; };
		253652F01F355EE400A1BB69 /* iAd.framework */ = {isa = PBXFileReference; lastKnownFileType = wrapper.framework; name = iAd.framework; path = System/Library/Frameworks/iAd.framework; sourceTree = SDKROOT; };
		253652F21F355EE900A1BB69 /* ImageIO.framework */ = {isa = PBXFileReference; lastKnownFileType = wrapper.framework; name = ImageIO.framework; path = System/Library/Frameworks/ImageIO.framework; sourceTree = SDKROOT; };
		253652F41F355EEE00A1BB69 /* Foundation.framework */ = {isa = PBXFileReference; lastKnownFileType = wrapper.framework; name = Foundation.framework; path = System/Library/Frameworks/Foundation.framework; sourceTree = SDKROOT; };
		253652F61F355EF600A1BB69 /* EventKit.framework */ = {isa = PBXFileReference; lastKnownFileType = wrapper.framework; name = EventKit.framework; path = System/Library/Frameworks/EventKit.framework; sourceTree = SDKROOT; };
		253652F71F355EF600A1BB69 /* EventKitUI.framework */ = {isa = PBXFileReference; lastKnownFileType = wrapper.framework; name = EventKitUI.framework; path = System/Library/Frameworks/EventKitUI.framework; sourceTree = SDKROOT; };
		253652FA1F355F0400A1BB69 /* CoreTelephony.framework */ = {isa = PBXFileReference; lastKnownFileType = wrapper.framework; name = CoreTelephony.framework; path = System/Library/Frameworks/CoreTelephony.framework; sourceTree = SDKROOT; };
		253652FC1F355F0C00A1BB69 /* CoreMedia.framework */ = {isa = PBXFileReference; lastKnownFileType = wrapper.framework; name = CoreMedia.framework; path = System/Library/Frameworks/CoreMedia.framework; sourceTree = SDKROOT; };
		253652FE1F355F2700A1BB69 /* CoreMotion.framework */ = {isa = PBXFileReference; lastKnownFileType = wrapper.framework; name = CoreMotion.framework; path = System/Library/Frameworks/CoreMotion.framework; sourceTree = SDKROOT; };
		253653001F355F2F00A1BB69 /* CoreLocation.framework */ = {isa = PBXFileReference; lastKnownFileType = wrapper.framework; name = CoreLocation.framework; path = System/Library/Frameworks/CoreLocation.framework; sourceTree = SDKROOT; };
		253653021F355F3500A1BB69 /* CoreGraphics.framework */ = {isa = PBXFileReference; lastKnownFileType = wrapper.framework; name = CoreGraphics.framework; path = System/Library/Frameworks/CoreGraphics.framework; sourceTree = SDKROOT; };
		253653041F355F3A00A1BB69 /* CoreFoundation.framework */ = {isa = PBXFileReference; lastKnownFileType = wrapper.framework; name = CoreFoundation.framework; path = System/Library/Frameworks/CoreFoundation.framework; sourceTree = SDKROOT; };
		253653061F355F4200A1BB69 /* CFNetwork.framework */ = {isa = PBXFileReference; lastKnownFileType = wrapper.framework; name = CFNetwork.framework; path = System/Library/Frameworks/CFNetwork.framework; sourceTree = SDKROOT; };
		253653081F355F4A00A1BB69 /* AVFoundation.framework */ = {isa = PBXFileReference; lastKnownFileType = wrapper.framework; name = AVFoundation.framework; path = System/Library/Frameworks/AVFoundation.framework; sourceTree = SDKROOT; };
		2536530A1F355F5100A1BB69 /* AudioToolbox.framework */ = {isa = PBXFileReference; lastKnownFileType = wrapper.framework; name = AudioToolbox.framework; path = System/Library/Frameworks/AudioToolbox.framework; sourceTree = SDKROOT; };
		2536530C1F355F5700A1BB69 /* AssetsLibrary.framework */ = {isa = PBXFileReference; lastKnownFileType = wrapper.framework; name = AssetsLibrary.framework; path = System/Library/Frameworks/AssetsLibrary.framework; sourceTree = SDKROOT; };
		2536530E1F355F5B00A1BB69 /* AdSupport.framework */ = {isa = PBXFileReference; lastKnownFileType = wrapper.framework; name = AdSupport.framework; path = System/Library/Frameworks/AdSupport.framework; sourceTree = SDKROOT; };
		253653101F355F7D00A1BB69 /* libz.tbd */ = {isa = PBXFileReference; lastKnownFileType = "sourcecode.text-based-dylib-definition"; name = libz.tbd; path = usr/lib/libz.tbd; sourceTree = SDKROOT; };
		253653121F355F8300A1BB69 /* libc++.tbd */ = {isa = PBXFileReference; lastKnownFileType = "sourcecode.text-based-dylib-definition"; name = "libc++.tbd"; path = "usr/lib/libc++.tbd"; sourceTree = SDKROOT; };
		253653141F355F8A00A1BB69 /* libsqlite3.0.tbd */ = {isa = PBXFileReference; lastKnownFileType = "sourcecode.text-based-dylib-definition"; name = libsqlite3.0.tbd; path = usr/lib/libsqlite3.0.tbd; sourceTree = SDKROOT; };
		31822B9D1F502507002A7CC0 /* MapKit.framework */ = {isa = PBXFileReference; lastKnownFileType = wrapper.framework; name = MapKit.framework; path = System/Library/Frameworks/MapKit.framework; sourceTree = SDKROOT; };
		31822B9F1F50252B002A7CC0 /* PassKit.framework */ = {isa = PBXFileReference; lastKnownFileType = wrapper.framework; name = PassKit.framework; path = System/Library/Frameworks/PassKit.framework; sourceTree = SDKROOT; };
		B9219D391F1DA2E800B08AFA /* FineDemo.app */ = {isa = PBXFileReference; explicitFileType = wrapper.application; includeInIndex = 0; path = FineDemo.app; sourceTree = BUILT_PRODUCTS_DIR; };
		B9219D3D1F1DA2E800B08AFA /* main.m */ = {isa = PBXFileReference; lastKnownFileType = sourcecode.c.objc; path = main.m; sourceTree = "<group>"; };
		B9219D3F1F1DA2E800B08AFA /* AppDelegate.h */ = {isa = PBXFileReference; lastKnownFileType = sourcecode.c.h; path = AppDelegate.h; sourceTree = "<group>"; };
		B9219D401F1DA2E800B08AFA /* AppDelegate.m */ = {isa = PBXFileReference; lastKnownFileType = sourcecode.c.objc; path = AppDelegate.m; sourceTree = "<group>"; };
		B9219D421F1DA2E800B08AFA /* ViewController.h */ = {isa = PBXFileReference; lastKnownFileType = sourcecode.c.h; path = ViewController.h; sourceTree = "<group>"; };
		B9219D431F1DA2E800B08AFA /* ViewController.m */ = {isa = PBXFileReference; lastKnownFileType = sourcecode.c.objc; path = ViewController.m; sourceTree = "<group>"; };
		B9219D461F1DA2E800B08AFA /* Base */ = {isa = PBXFileReference; lastKnownFileType = file.storyboard; name = Base; path = Base.lproj/Main.storyboard; sourceTree = "<group>"; };
		B9219D481F1DA2E800B08AFA /* Assets.xcassets */ = {isa = PBXFileReference; lastKnownFileType = folder.assetcatalog; path = Assets.xcassets; sourceTree = "<group>"; };
		B9219D4B1F1DA2E800B08AFA /* Base */ = {isa = PBXFileReference; lastKnownFileType = file.storyboard; name = Base; path = Base.lproj/LaunchScreen.storyboard; sourceTree = "<group>"; };
		B9219D4D1F1DA2E800B08AFA /* Info.plist */ = {isa = PBXFileReference; lastKnownFileType = text.plist.xml; path = Info.plist; sourceTree = "<group>"; };
		B9219D521F1DA2E800B08AFA /* FineDemoTests.xctest */ = {isa = PBXFileReference; explicitFileType = wrapper.cfbundle; includeInIndex = 0; path = FineDemoTests.xctest; sourceTree = BUILT_PRODUCTS_DIR; };
		B9219D561F1DA2E800B08AFA /* FineDemoTests.m */ = {isa = PBXFileReference; lastKnownFileType = sourcecode.c.objc; path = FineDemoTests.m; sourceTree = "<group>"; };
		B9219D581F1DA2E800B08AFA /* Info.plist */ = {isa = PBXFileReference; lastKnownFileType = text.plist.xml; path = Info.plist; sourceTree = "<group>"; };
		B9219D5D1F1DA2E800B08AFA /* FineDemoUITests.xctest */ = {isa = PBXFileReference; explicitFileType = wrapper.cfbundle; includeInIndex = 0; path = FineDemoUITests.xctest; sourceTree = BUILT_PRODUCTS_DIR; };
		B9219D611F1DA2E800B08AFA /* FineDemoUITests.m */ = {isa = PBXFileReference; lastKnownFileType = sourcecode.c.objc; path = FineDemoUITests.m; sourceTree = "<group>"; };
		B9219D631F1DA2E800B08AFA /* Info.plist */ = {isa = PBXFileReference; lastKnownFileType = text.plist.xml; path = Info.plist; sourceTree = "<group>"; };
		B9351EB51F345DC900A66C17 /* YFSettingViewController.h */ = {isa = PBXFileReference; fileEncoding = 4; lastKnownFileType = sourcecode.c.h; path = YFSettingViewController.h; sourceTree = "<group>"; };
		B9351EB61F345DC900A66C17 /* YFSettingViewController.m */ = {isa = PBXFileReference; fileEncoding = 4; lastKnownFileType = sourcecode.c.objc; path = YFSettingViewController.m; sourceTree = "<group>"; };
		B9351EB71F345DC900A66C17 /* YFSettingViewController.xib */ = {isa = PBXFileReference; fileEncoding = 4; lastKnownFileType = file.xib; path = YFSettingViewController.xib; sourceTree = "<group>"; };
		B9351EB81F345DC900A66C17 /* YFInterstitialDisplayViewController.h */ = {isa = PBXFileReference; fileEncoding = 4; lastKnownFileType = sourcecode.c.h; path = YFInterstitialDisplayViewController.h; sourceTree = "<group>"; };
		B9351EB91F345DC900A66C17 /* YFInterstitialDisplayViewController.m */ = {isa = PBXFileReference; fileEncoding = 4; lastKnownFileType = sourcecode.c.objc; path = YFInterstitialDisplayViewController.m; sourceTree = "<group>"; };
		B9351EBD1F345E1300A66C17 /* YFCommonHeader.h */ = {isa = PBXFileReference; lastKnownFileType = sourcecode.c.h; path = YFCommonHeader.h; sourceTree = "<group>"; };
		B9351EBF1F345E9200A66C17 /* CustomIOSAlertView.h */ = {isa = PBXFileReference; fileEncoding = 4; lastKnownFileType = sourcecode.c.h; path = CustomIOSAlertView.h; sourceTree = "<group>"; };
		B9351EC01F345E9200A66C17 /* CustomIOSAlertView.m */ = {isa = PBXFileReference; fileEncoding = 4; lastKnownFileType = sourcecode.c.objc; path = CustomIOSAlertView.m; sourceTree = "<group>"; };
		B9351EC11F345E9200A66C17 /* MBProgressHUD+EV.h */ = {isa = PBXFileReference; fileEncoding = 4; lastKnownFileType = sourcecode.c.h; path = "MBProgressHUD+EV.h"; sourceTree = "<group>"; };
		B9351EC21F345E9200A66C17 /* MBProgressHUD+EV.m */ = {isa = PBXFileReference; fileEncoding = 4; lastKnownFileType = sourcecode.c.objc; path = "MBProgressHUD+EV.m"; sourceTree = "<group>"; };
		B9351EC31F345E9200A66C17 /* MBProgressHUD.h */ = {isa = PBXFileReference; fileEncoding = 4; lastKnownFileType = sourcecode.c.h; path = MBProgressHUD.h; sourceTree = "<group>"; };
		B9351EC41F345E9200A66C17 /* MBProgressHUD.m */ = {isa = PBXFileReference; fileEncoding = 4; lastKnownFileType = sourcecode.c.objc; path = MBProgressHUD.m; sourceTree = "<group>"; };
		B9351EC51F345E9200A66C17 /* UIViewController+BackButtonHandler.h */ = {isa = PBXFileReference; fileEncoding = 4; lastKnownFileType = sourcecode.c.h; path = "UIViewController+BackButtonHandler.h"; sourceTree = "<group>"; };
		B9351EC61F345E9200A66C17 /* UIViewController+BackButtonHandler.m */ = {isa = PBXFileReference; fileEncoding = 4; lastKnownFileType = sourcecode.c.objc; path = "UIViewController+BackButtonHandler.m"; sourceTree = "<group>"; };
		B9351ECE1F345EEE00A66C17 /* MASCompositeConstraint.h */ = {isa = PBXFileReference; fileEncoding = 4; lastKnownFileType = sourcecode.c.h; path = MASCompositeConstraint.h; sourceTree = "<group>"; };
		B9351ECF1F345EEE00A66C17 /* MASCompositeConstraint.m */ = {isa = PBXFileReference; fileEncoding = 4; lastKnownFileType = sourcecode.c.objc; path = MASCompositeConstraint.m; sourceTree = "<group>"; };
		B9351ED01F345EEE00A66C17 /* MASConstraint+Private.h */ = {isa = PBXFileReference; fileEncoding = 4; lastKnownFileType = sourcecode.c.h; path = "MASConstraint+Private.h"; sourceTree = "<group>"; };
		B9351ED11F345EEE00A66C17 /* MASConstraint.h */ = {isa = PBXFileReference; fileEncoding = 4; lastKnownFileType = sourcecode.c.h; path = MASConstraint.h; sourceTree = "<group>"; };
		B9351ED21F345EEE00A66C17 /* MASConstraint.m */ = {isa = PBXFileReference; fileEncoding = 4; lastKnownFileType = sourcecode.c.objc; path = MASConstraint.m; sourceTree = "<group>"; };
		B9351ED31F345EEE00A66C17 /* MASConstraintMaker.h */ = {isa = PBXFileReference; fileEncoding = 4; lastKnownFileType = sourcecode.c.h; path = MASConstraintMaker.h; sourceTree = "<group>"; };
		B9351ED41F345EEE00A66C17 /* MASConstraintMaker.m */ = {isa = PBXFileReference; fileEncoding = 4; lastKnownFileType = sourcecode.c.objc; path = MASConstraintMaker.m; sourceTree = "<group>"; };
		B9351ED51F345EEE00A66C17 /* MASLayoutConstraint.h */ = {isa = PBXFileReference; fileEncoding = 4; lastKnownFileType = sourcecode.c.h; path = MASLayoutConstraint.h; sourceTree = "<group>"; };
		B9351ED61F345EEE00A66C17 /* MASLayoutConstraint.m */ = {isa = PBXFileReference; fileEncoding = 4; lastKnownFileType = sourcecode.c.objc; path = MASLayoutConstraint.m; sourceTree = "<group>"; };
		B9351ED71F345EEE00A66C17 /* Masonry.h */ = {isa = PBXFileReference; fileEncoding = 4; lastKnownFileType = sourcecode.c.h; path = Masonry.h; sourceTree = "<group>"; };
		B9351ED81F345EEE00A66C17 /* MASUtilities.h */ = {isa = PBXFileReference; fileEncoding = 4; lastKnownFileType = sourcecode.c.h; path = MASUtilities.h; sourceTree = "<group>"; };
		B9351ED91F345EEE00A66C17 /* MASViewAttribute.h */ = {isa = PBXFileReference; fileEncoding = 4; lastKnownFileType = sourcecode.c.h; path = MASViewAttribute.h; sourceTree = "<group>"; };
		B9351EDA1F345EEE00A66C17 /* MASViewAttribute.m */ = {isa = PBXFileReference; fileEncoding = 4; lastKnownFileType = sourcecode.c.objc; path = MASViewAttribute.m; sourceTree = "<group>"; };
		B9351EDB1F345EEE00A66C17 /* MASViewConstraint.h */ = {isa = PBXFileReference; fileEncoding = 4; lastKnownFileType = sourcecode.c.h; path = MASViewConstraint.h; sourceTree = "<group>"; };
		B9351EDC1F345EEE00A66C17 /* MASViewConstraint.m */ = {isa = PBXFileReference; fileEncoding = 4; lastKnownFileType = sourcecode.c.objc; path = MASViewConstraint.m; sourceTree = "<group>"; };
		B9351EDD1F345EEE00A66C17 /* NSArray+MASAdditions.h */ = {isa = PBXFileReference; fileEncoding = 4; lastKnownFileType = sourcecode.c.h; path = "NSArray+MASAdditions.h"; sourceTree = "<group>"; };
		B9351EDE1F345EEE00A66C17 /* NSArray+MASAdditions.m */ = {isa = PBXFileReference; fileEncoding = 4; lastKnownFileType = sourcecode.c.objc; path = "NSArray+MASAdditions.m"; sourceTree = "<group>"; };
		B9351EDF1F345EEE00A66C17 /* NSArray+MASShorthandAdditions.h */ = {isa = PBXFileReference; fileEncoding = 4; lastKnownFileType = sourcecode.c.h; path = "NSArray+MASShorthandAdditions.h"; sourceTree = "<group>"; };
		B9351EE01F345EEE00A66C17 /* NSLayoutConstraint+MASDebugAdditions.h */ = {isa = PBXFileReference; fileEncoding = 4; lastKnownFileType = sourcecode.c.h; path = "NSLayoutConstraint+MASDebugAdditions.h"; sourceTree = "<group>"; };
		B9351EE11F345EEE00A66C17 /* NSLayoutConstraint+MASDebugAdditions.m */ = {isa = PBXFileReference; fileEncoding = 4; lastKnownFileType = sourcecode.c.objc; path = "NSLayoutConstraint+MASDebugAdditions.m"; sourceTree = "<group>"; };
		B9351EE21F345EEE00A66C17 /* View+MASAdditions.h */ = {isa = PBXFileReference; fileEncoding = 4; lastKnownFileType = sourcecode.c.h; path = "View+MASAdditions.h"; sourceTree = "<group>"; };
		B9351EE31F345EEE00A66C17 /* View+MASAdditions.m */ = {isa = PBXFileReference; fileEncoding = 4; lastKnownFileType = sourcecode.c.objc; path = "View+MASAdditions.m"; sourceTree = "<group>"; };
		B9351EE41F345EEE00A66C17 /* View+MASShorthandAdditions.h */ = {isa = PBXFileReference; fileEncoding = 4; lastKnownFileType = sourcecode.c.h; path = "View+MASShorthandAdditions.h"; sourceTree = "<group>"; };
		B9351EE51F345EEE00A66C17 /* ViewController+MASAdditions.h */ = {isa = PBXFileReference; fileEncoding = 4; lastKnownFileType = sourcecode.c.h; path = "ViewController+MASAdditions.h"; sourceTree = "<group>"; };
		B9351EE61F345EEE00A66C17 /* ViewController+MASAdditions.m */ = {isa = PBXFileReference; fileEncoding = 4; lastKnownFileType = sourcecode.c.objc; path = "ViewController+MASAdditions.m"; sourceTree = "<group>"; };
		B93522F21F3595DE00A66C17 /* libxml2.tbd */ = {isa = PBXFileReference; lastKnownFileType = "sourcecode.text-based-dylib-definition"; name = libxml2.tbd; path = usr/lib/libxml2.tbd; sourceTree = SDKROOT; };
		B93522F41F3595E500A66C17 /* libsqlite3.tbd */ = {isa = PBXFileReference; lastKnownFileType = "sourcecode.text-based-dylib-definition"; name = libsqlite3.tbd; path = usr/lib/libsqlite3.tbd; sourceTree = SDKROOT; };
		B93523011F35970900A66C17 /* GLKit.framework */ = {isa = PBXFileReference; lastKnownFileType = wrapper.framework; name = GLKit.framework; path = System/Library/Frameworks/GLKit.framework; sourceTree = SDKROOT; };
		B93523071F35974700A66C17 /* CoreAudio.framework */ = {isa = PBXFileReference; lastKnownFileType = wrapper.framework; name = CoreAudio.framework; path = System/Library/Frameworks/CoreAudio.framework; sourceTree = SDKROOT; };
		B935230C1F3597FF00A66C17 /* Messages.framework */ = {isa = PBXFileReference; lastKnownFileType = wrapper.framework; name = Messages.framework; path = System/Library/Frameworks/Messages.framework; sourceTree = SDKROOT; };
		B98DE3951F56A17A00B0CB70 /* FDNavigationViewController.h */ = {isa = PBXFileReference; fileEncoding = 4; lastKnownFileType = sourcecode.c.h; path = FDNavigationViewController.h; sourceTree = "<group>"; };
		B98DE3961F56A17A00B0CB70 /* FDNavigationViewController.m */ = {isa = PBXFileReference; fileEncoding = 4; lastKnownFileType = sourcecode.c.objc; path = FDNavigationViewController.m; sourceTree = "<group>"; };
		B98DE3991F56A24F00B0CB70 /* FDBaseViewController.h */ = {isa = PBXFileReference; fileEncoding = 4; lastKnownFileType = sourcecode.c.h; path = FDBaseViewController.h; sourceTree = "<group>"; };
		B98DE39A1F56A24F00B0CB70 /* FDBaseViewController.m */ = {isa = PBXFileReference; fileEncoding = 4; lastKnownFileType = sourcecode.c.objc; path = FDBaseViewController.m; sourceTree = "<group>"; };
		B9BCCC5C1FFF172C00C33214 /* PluginSDKResources.bundle */ = {isa = PBXFileReference; lastKnownFileType = "wrapper.plug-in"; path = PluginSDKResources.bundle; sourceTree = "<group>"; };
		B9BCCCA01FFF515900C33214 /* FineSDK.framework */ = {isa = PBXFileReference; lastKnownFileType = wrapper.framework; path = FineSDK.framework; sourceTree = "<group>"; };
/* End PBXFileReference section */

/* Begin PBXFrameworksBuildPhase section */
		B9219D361F1DA2E800B08AFA /* Frameworks */ = {
			isa = PBXFrameworksBuildPhase;
			buildActionMask = 2147483647;
			files = (
				31822C231F504BD5002A7CC0 /* ImageIO.framework in Frameworks */,
				31822BA01F50252B002A7CC0 /* PassKit.framework in Frameworks */,
				B9BCCCA11FFF515A00C33214 /* FineSDK.framework in Frameworks */,
				31822B9E1F502507002A7CC0 /* MapKit.framework in Frameworks */,
				B93523101F35986F00A66C17 /* AudioToolbox.framework in Frameworks */,
				B935230F1F35984C00A66C17 /* CoreTelephony.framework in Frameworks */,
				B93523041F35972700A66C17 /* CoreMedia.framework in Frameworks */,
				B935230E1F35982400A66C17 /* MediaPlayer.framework in Frameworks */,
				B935230B1F3597FF00A66C17 /* MessageUI.framework in Frameworks */,
				B935230A1F3597CB00A66C17 /* AdSupport.framework in Frameworks */,
				B93523091F35976F00A66C17 /* AssetsLibrary.framework in Frameworks */,
				B93523081F35974700A66C17 /* CoreAudio.framework in Frameworks */,
				B93523061F35974700A66C17 /* CoreGraphics.framework in Frameworks */,
				B93523051F35972700A66C17 /* CoreMotion.framework in Frameworks */,
				B93523031F35971C00A66C17 /* iAd.framework in Frameworks */,
				B93523021F35970900A66C17 /* GLKit.framework in Frameworks */,
				B93523001F3596CD00A66C17 /* AVFoundation.framework in Frameworks */,
				B93522F71F3595F200A66C17 /* libz.tbd in Frameworks */,
				B93522F61F3595EA00A66C17 /* WebKit.framework in Frameworks */,
				B93522F51F3595E500A66C17 /* libsqlite3.tbd in Frameworks */,
				B93522F31F3595DE00A66C17 /* libxml2.tbd in Frameworks */,
				B9BCCCA41FFF5F7F00C33214 /* FineSDK.framework in Frameworks */,
			);
			runOnlyForDeploymentPostprocessing = 0;
		};
		B9219D4F1F1DA2E800B08AFA /* Frameworks */ = {
			isa = PBXFrameworksBuildPhase;
			buildActionMask = 2147483647;
			files = (
			);
			runOnlyForDeploymentPostprocessing = 0;
		};
		B9219D5A1F1DA2E800B08AFA /* Frameworks */ = {
			isa = PBXFrameworksBuildPhase;
			buildActionMask = 2147483647;
			files = (
			);
			runOnlyForDeploymentPostprocessing = 0;
		};
/* End PBXFrameworksBuildPhase section */

/* Begin PBXGroup section */
		253652D91F355E6700A1BB69 /* Frameworks */ = {
			isa = PBXGroup;
			children = (
				31822B9F1F50252B002A7CC0 /* PassKit.framework */,
				31822B9D1F502507002A7CC0 /* MapKit.framework */,
				B935230C1F3597FF00A66C17 /* Messages.framework */,
				B93523071F35974700A66C17 /* CoreAudio.framework */,
				B93523011F35970900A66C17 /* GLKit.framework */,
				B93522F41F3595E500A66C17 /* libsqlite3.tbd */,
				B93522F21F3595DE00A66C17 /* libxml2.tbd */,
				253653141F355F8A00A1BB69 /* libsqlite3.0.tbd */,
				253653121F355F8300A1BB69 /* libc++.tbd */,
				253653101F355F7D00A1BB69 /* libz.tbd */,
				2536530E1F355F5B00A1BB69 /* AdSupport.framework */,
				2536530C1F355F5700A1BB69 /* AssetsLibrary.framework */,
				2536530A1F355F5100A1BB69 /* AudioToolbox.framework */,
				253653081F355F4A00A1BB69 /* AVFoundation.framework */,
				253653061F355F4200A1BB69 /* CFNetwork.framework */,
				253653041F355F3A00A1BB69 /* CoreFoundation.framework */,
				253653021F355F3500A1BB69 /* CoreGraphics.framework */,
				253653001F355F2F00A1BB69 /* CoreLocation.framework */,
				253652FE1F355F2700A1BB69 /* CoreMotion.framework */,
				253652FC1F355F0C00A1BB69 /* CoreMedia.framework */,
				253652FA1F355F0400A1BB69 /* CoreTelephony.framework */,
				253652F61F355EF600A1BB69 /* EventKit.framework */,
				253652F71F355EF600A1BB69 /* EventKitUI.framework */,
				253652F41F355EEE00A1BB69 /* Foundation.framework */,
				253652F21F355EE900A1BB69 /* ImageIO.framework */,
				253652F01F355EE400A1BB69 /* iAd.framework */,
				253652EE1F355EDA00A1BB69 /* JavaScriptCore.framework */,
				253652EC1F355ECB00A1BB69 /* MediaPlayer.framework */,
				253652EA1F355EC400A1BB69 /* MessageUI.framework */,
				253652E81F355EBB00A1BB69 /* MobileCoreServices.framework */,
				253652E61F355EA600A1BB69 /* QuartzCore.framework */,
				253652E41F355E9200A1BB69 /* Security.framework */,
				253652E21F355E8600A1BB69 /* Social.framework */,
				253652E01F355E7900A1BB69 /* StoreKit.framework */,
				253652DE1F355E7400A1BB69 /* SystemConfiguration.framework */,
				253652DC1F355E6E00A1BB69 /* UIKit.framework */,
				253652DA1F355E6700A1BB69 /* WebKit.framework */,
			);
			name = Frameworks;
			sourceTree = "<group>";
		};
		B9219D301F1DA2E800B08AFA = {
			isa = PBXGroup;
			children = (
				250A67581F5901B6007F561B /* 1238084611_adjust */,
				B9BCCC1D1FFF172C00C33214 /* FineSDK */,
				B9219D3B1F1DA2E800B08AFA /* FineDemo */,
				B9219D551F1DA2E800B08AFA /* FineDemoTests */,
				B9219D601F1DA2E800B08AFA /* FineDemoUITests */,
				B9219D3A1F1DA2E800B08AFA /* Products */,
				253652D91F355E6700A1BB69 /* Frameworks */,
			);
			sourceTree = "<group>";
		};
		B9219D3A1F1DA2E800B08AFA /* Products */ = {
			isa = PBXGroup;
			children = (
				B9219D391F1DA2E800B08AFA /* FineDemo.app */,
				B9219D521F1DA2E800B08AFA /* FineDemoTests.xctest */,
				B9219D5D1F1DA2E800B08AFA /* FineDemoUITests.xctest */,
			);
			name = Products;
			sourceTree = "<group>";
		};
		B9219D3B1F1DA2E800B08AFA /* FineDemo */ = {
			isa = PBXGroup;
			children = (
				B9219D3F1F1DA2E800B08AFA /* AppDelegate.h */,
				B9219D401F1DA2E800B08AFA /* AppDelegate.m */,
				B9219D421F1DA2E800B08AFA /* ViewController.h */,
				B9219D431F1DA2E800B08AFA /* ViewController.m */,
				B98DE3951F56A17A00B0CB70 /* FDNavigationViewController.h */,
				B98DE3961F56A17A00B0CB70 /* FDNavigationViewController.m */,
				B98DE3991F56A24F00B0CB70 /* FDBaseViewController.h */,
				B98DE39A1F56A24F00B0CB70 /* FDBaseViewController.m */,
				B9351EB51F345DC900A66C17 /* YFSettingViewController.h */,
				B9351EB61F345DC900A66C17 /* YFSettingViewController.m */,
				B9351EB71F345DC900A66C17 /* YFSettingViewController.xib */,
				B9351EB81F345DC900A66C17 /* YFInterstitialDisplayViewController.h */,
				B9351EB91F345DC900A66C17 /* YFInterstitialDisplayViewController.m */,
				B9351EBD1F345E1300A66C17 /* YFCommonHeader.h */,
				B9351ECB1F345EE800A66C17 /* Vendor */,
				B9351EBE1F345E9200A66C17 /* category */,
				B9219D451F1DA2E800B08AFA /* Main.storyboard */,
				B9219D481F1DA2E800B08AFA /* Assets.xcassets */,
				B9219D4A1F1DA2E800B08AFA /* LaunchScreen.storyboard */,
				B9219D4D1F1DA2E800B08AFA /* Info.plist */,
				B9219D3C1F1DA2E800B08AFA /* Supporting Files */,
			);
			path = FineDemo;
			sourceTree = "<group>";
		};
		B9219D3C1F1DA2E800B08AFA /* Supporting Files */ = {
			isa = PBXGroup;
			children = (
				B9219D3D1F1DA2E800B08AFA /* main.m */,
			);
			name = "Supporting Files";
			sourceTree = "<group>";
		};
		B9219D551F1DA2E800B08AFA /* FineDemoTests */ = {
			isa = PBXGroup;
			children = (
				B9219D561F1DA2E800B08AFA /* FineDemoTests.m */,
				B9219D581F1DA2E800B08AFA /* Info.plist */,
			);
			path = FineDemoTests;
			sourceTree = "<group>";
		};
		B9219D601F1DA2E800B08AFA /* FineDemoUITests */ = {
			isa = PBXGroup;
			children = (
				B9219D611F1DA2E800B08AFA /* FineDemoUITests.m */,
				B9219D631F1DA2E800B08AFA /* Info.plist */,
			);
			path = FineDemoUITests;
			sourceTree = "<group>";
		};
		B9351EBE1F345E9200A66C17 /* category */ = {
			isa = PBXGroup;
			children = (
				B9351EBF1F345E9200A66C17 /* CustomIOSAlertView.h */,
				B9351EC01F345E9200A66C17 /* CustomIOSAlertView.m */,
				B9351EC11F345E9200A66C17 /* MBProgressHUD+EV.h */,
				B9351EC21F345E9200A66C17 /* MBProgressHUD+EV.m */,
				B9351EC31F345E9200A66C17 /* MBProgressHUD.h */,
				B9351EC41F345E9200A66C17 /* MBProgressHUD.m */,
				B9351EC51F345E9200A66C17 /* UIViewController+BackButtonHandler.h */,
				B9351EC61F345E9200A66C17 /* UIViewController+BackButtonHandler.m */,
			);
			path = category;
			sourceTree = "<group>";
		};
		B9351ECB1F345EE800A66C17 /* Vendor */ = {
			isa = PBXGroup;
			children = (
				B9351ECC1F345EEE00A66C17 /* Masonry */,
			);
			path = Vendor;
			sourceTree = "<group>";
		};
		B9351ECC1F345EEE00A66C17 /* Masonry */ = {
			isa = PBXGroup;
			children = (
				B9351ECE1F345EEE00A66C17 /* MASCompositeConstraint.h */,
				B9351ECF1F345EEE00A66C17 /* MASCompositeConstraint.m */,
				B9351ED01F345EEE00A66C17 /* MASConstraint+Private.h */,
				B9351ED11F345EEE00A66C17 /* MASConstraint.h */,
				B9351ED21F345EEE00A66C17 /* MASConstraint.m */,
				B9351ED31F345EEE00A66C17 /* MASConstraintMaker.h */,
				B9351ED41F345EEE00A66C17 /* MASConstraintMaker.m */,
				B9351ED51F345EEE00A66C17 /* MASLayoutConstraint.h */,
				B9351ED61F345EEE00A66C17 /* MASLayoutConstraint.m */,
				B9351ED71F345EEE00A66C17 /* Masonry.h */,
				B9351ED81F345EEE00A66C17 /* MASUtilities.h */,
				B9351ED91F345EEE00A66C17 /* MASViewAttribute.h */,
				B9351EDA1F345EEE00A66C17 /* MASViewAttribute.m */,
				B9351EDB1F345EEE00A66C17 /* MASViewConstraint.h */,
				B9351EDC1F345EEE00A66C17 /* MASViewConstraint.m */,
				B9351EDD1F345EEE00A66C17 /* NSArray+MASAdditions.h */,
				B9351EDE1F345EEE00A66C17 /* NSArray+MASAdditions.m */,
				B9351EDF1F345EEE00A66C17 /* NSArray+MASShorthandAdditions.h */,
				B9351EE01F345EEE00A66C17 /* NSLayoutConstraint+MASDebugAdditions.h */,
				B9351EE11F345EEE00A66C17 /* NSLayoutConstraint+MASDebugAdditions.m */,
				B9351EE21F345EEE00A66C17 /* View+MASAdditions.h */,
				B9351EE31F345EEE00A66C17 /* View+MASAdditions.m */,
				B9351EE41F345EEE00A66C17 /* View+MASShorthandAdditions.h */,
				B9351EE51F345EEE00A66C17 /* ViewController+MASAdditions.h */,
				B9351EE61F345EEE00A66C17 /* ViewController+MASAdditions.m */,
			);
			path = Masonry;
			sourceTree = "<group>";
		};
		B9BCCC1D1FFF172C00C33214 /* FineSDK */ = {
			isa = PBXGroup;
			children = (
				B9BCCCA01FFF515900C33214 /* FineSDK.framework */,
				B9BCCC5C1FFF172C00C33214 /* PluginSDKResources.bundle */,
			);
			path = FineSDK;
			sourceTree = "<group>";
		};
/* End PBXGroup section */

/* Begin PBXNativeTarget section */
		B9219D381F1DA2E800B08AFA /* FineDemo */ = {
			isa = PBXNativeTarget;
			buildConfigurationList = B9219D661F1DA2E800B08AFA /* Build configuration list for PBXNativeTarget "FineDemo" */;
			buildPhases = (
				B9219D351F1DA2E800B08AFA /* Sources */,
				B9219D361F1DA2E800B08AFA /* Frameworks */,
				B9219D371F1DA2E800B08AFA /* Resources */,
				2553A2361F3BE0FE00B4709B /* ShellScript */,
				B9BCCCA61FFF5F7F00C33214 /* Embed Frameworks */,
			);
			buildRules = (
			);
			dependencies = (
			);
			name = FineDemo;
			productName = FineDemo;
			productReference = B9219D391F1DA2E800B08AFA /* FineDemo.app */;
			productType = "com.apple.product-type.application";
		};
		B9219D511F1DA2E800B08AFA /* FineDemoTests */ = {
			isa = PBXNativeTarget;
			buildConfigurationList = B9219D691F1DA2E800B08AFA /* Build configuration list for PBXNativeTarget "FineDemoTests" */;
			buildPhases = (
				B9219D4E1F1DA2E800B08AFA /* Sources */,
				B9219D4F1F1DA2E800B08AFA /* Frameworks */,
				B9219D501F1DA2E800B08AFA /* Resources */,
			);
			buildRules = (
			);
			dependencies = (
				B9219D541F1DA2E800B08AFA /* PBXTargetDependency */,
			);
			name = FineDemoTests;
			productName = FineDemoTests;
			productReference = B9219D521F1DA2E800B08AFA /* FineDemoTests.xctest */;
			productType = "com.apple.product-type.bundle.unit-test";
		};
		B9219D5C1F1DA2E800B08AFA /* FineDemoUITests */ = {
			isa = PBXNativeTarget;
			buildConfigurationList = B9219D6C1F1DA2E800B08AFA /* Build configuration list for PBXNativeTarget "FineDemoUITests" */;
			buildPhases = (
				B9219D591F1DA2E800B08AFA /* Sources */,
				B9219D5A1F1DA2E800B08AFA /* Frameworks */,
				B9219D5B1F1DA2E800B08AFA /* Resources */,
			);
			buildRules = (
			);
			dependencies = (
				B9219D5F1F1DA2E800B08AFA /* PBXTargetDependency */,
			);
			name = FineDemoUITests;
			productName = FineDemoUITests;
			productReference = B9219D5D1F1DA2E800B08AFA /* FineDemoUITests.xctest */;
			productType = "com.apple.product-type.bundle.ui-testing";
		};
/* End PBXNativeTarget section */

/* Begin PBXProject section */
		B9219D311F1DA2E800B08AFA /* Project object */ = {
			isa = PBXProject;
			attributes = {
				LastUpgradeCheck = 0830;
				ORGANIZATIONNAME = yifan;
				TargetAttributes = {
					B9219D381F1DA2E800B08AFA = {
						CreatedOnToolsVersion = 8.3.3;
						DevelopmentTeam = AS6U3BZBTC;
						ProvisioningStyle = Automatic;
					};
					B9219D511F1DA2E800B08AFA = {
						CreatedOnToolsVersion = 8.3.3;
						DevelopmentTeam = AS6U3BZBTC;
						ProvisioningStyle = Automatic;
						TestTargetID = B9219D381F1DA2E800B08AFA;
					};
					B9219D5C1F1DA2E800B08AFA = {
						CreatedOnToolsVersion = 8.3.3;
						DevelopmentTeam = AS6U3BZBTC;
						ProvisioningStyle = Automatic;
						TestTargetID = B9219D381F1DA2E800B08AFA;
					};
				};
			};
			buildConfigurationList = B9219D341F1DA2E800B08AFA /* Build configuration list for PBXProject "FineDemo" */;
			compatibilityVersion = "Xcode 3.2";
			developmentRegion = English;
			hasScannedForEncodings = 0;
			knownRegions = (
				en,
				Base,
			);
			mainGroup = B9219D301F1DA2E800B08AFA;
			productRefGroup = B9219D3A1F1DA2E800B08AFA /* Products */;
			projectDirPath = "";
			projectRoot = "";
			targets = (
				B9219D381F1DA2E800B08AFA /* FineDemo */,
				B9219D511F1DA2E800B08AFA /* FineDemoTests */,
				B9219D5C1F1DA2E800B08AFA /* FineDemoUITests */,
			);
		};
/* End PBXProject section */

/* Begin PBXResourcesBuildPhase section */
		B9219D371F1DA2E800B08AFA /* Resources */ = {
			isa = PBXResourcesBuildPhase;
			buildActionMask = 2147483647;
			files = (
				B9219D4C1F1DA2E800B08AFA /* LaunchScreen.storyboard in Resources */,
				B9351EBB1F345DC900A66C17 /* YFSettingViewController.xib in Resources */,
				250A67591F5901B6007F561B /* 1238084611_adjust in Resources */,
				B9BCCC811FFF172C00C33214 /* PluginSDKResources.bundle in Resources */,
				B9219D491F1DA2E800B08AFA /* Assets.xcassets in Resources */,
				B9219D471F1DA2E800B08AFA /* Main.storyboard in Resources */,
			);
			runOnlyForDeploymentPostprocessing = 0;
		};
		B9219D501F1DA2E800B08AFA /* Resources */ = {
			isa = PBXResourcesBuildPhase;
			buildActionMask = 2147483647;
			files = (
			);
			runOnlyForDeploymentPostprocessing = 0;
		};
		B9219D5B1F1DA2E800B08AFA /* Resources */ = {
			isa = PBXResourcesBuildPhase;
			buildActionMask = 2147483647;
			files = (
			);
			runOnlyForDeploymentPostprocessing = 0;
		};
/* End PBXResourcesBuildPhase section */

/* Begin PBXShellScriptBuildPhase section */
		2553A2361F3BE0FE00B4709B /* ShellScript */ = {
			isa = PBXShellScriptBuildPhase;
			buildActionMask = 2147483647;
			files = (
			);
			inputPaths = (
			);
			outputPaths = (
			);
			runOnlyForDeploymentPostprocessing = 0;
			shellPath = /bin/sh;
			shellScript = "\nAPP_PATH=\"${TARGET_BUILD_DIR}/${WRAPPER_NAME}\"\n\nfind \"$APP_PATH\" -name 'AvocarrotSDK.framework' -type d | while read -r FRAMEWORK\ndo\nFRAMEWORK_EXECUTABLE_NAME=$(defaults read \"$FRAMEWORK/Info.plist\" CFBundleExecutable)\nFRAMEWORK_EXECUTABLE_PATH=\"$FRAMEWORK/$FRAMEWORK_EXECUTABLE_NAME\"\necho \"Executable is $FRAMEWORK_EXECUTABLE_PATH\"\n\nEXTRACTED_ARCHS=()\n\nfor ARCH in $ARCHS\ndo\necho \"Extracting $ARCH from $FRAMEWORK_EXECUTABLE_NAME\"\nlipo -extract \"$ARCH\" \"$FRAMEWORK_EXECUTABLE_PATH\" -o \"$FRAMEWORK_EXECUTABLE_PATH-$ARCH\"\nEXTRACTED_ARCHS+=(\"$FRAMEWORK_EXECUTABLE_PATH-$ARCH\")\ndone\n\necho \"Merging extracted architectures: ${ARCHS}\"\nlipo -o \"$FRAMEWORK_EXECUTABLE_PATH-merged\" -create \"${EXTRACTED_ARCHS[@]}\"\nrm \"${EXTRACTED_ARCHS[@]}\"\n\necho \"Replacing original executable with thinned version\"\nrm \"$FRAMEWORK_EXECUTABLE_PATH\"\nmv \"$FRAMEWORK_EXECUTABLE_PATH-merged\" \"$FRAMEWORK_EXECUTABLE_PATH\"\n\ndone";
		};
/* End PBXShellScriptBuildPhase section */

/* Begin PBXSourcesBuildPhase section */
		B9219D351F1DA2E800B08AFA /* Sources */ = {
			isa = PBXSourcesBuildPhase;
			buildActionMask = 2147483647;
			files = (
				B9351EED1F345EEE00A66C17 /* MASViewConstraint.m in Sources */,
				B9351EBC1F345DC900A66C17 /* YFInterstitialDisplayViewController.m in Sources */,
				B9351EEC1F345EEE00A66C17 /* MASViewAttribute.m in Sources */,
				B9351ECA1F345E9200A66C17 /* UIViewController+BackButtonHandler.m in Sources */,
				B9351EBA1F345DC900A66C17 /* YFSettingViewController.m in Sources */,
				B9351EC71F345E9200A66C17 /* CustomIOSAlertView.m in Sources */,
				B9351EE81F345EEE00A66C17 /* MASCompositeConstraint.m in Sources */,
				B98DE39B1F56A24F00B0CB70 /* FDBaseViewController.m in Sources */,
				B9351EEA1F345EEE00A66C17 /* MASConstraintMaker.m in Sources */,
				B98DE3971F56A17A00B0CB70 /* FDNavigationViewController.m in Sources */,
				B9351EF01F345EEE00A66C17 /* View+MASAdditions.m in Sources */,
				B9351EEB1F345EEE00A66C17 /* MASLayoutConstraint.m in Sources */,
				B9351EF11F345EEE00A66C17 /* ViewController+MASAdditions.m in Sources */,
				B9351EE91F345EEE00A66C17 /* MASConstraint.m in Sources */,
				B9219D441F1DA2E800B08AFA /* ViewController.m in Sources */,
				B9351EC81F345E9200A66C17 /* MBProgressHUD+EV.m in Sources */,
				B9351EEE1F345EEE00A66C17 /* NSArray+MASAdditions.m in Sources */,
				B9351EEF1F345EEE00A66C17 /* NSLayoutConstraint+MASDebugAdditions.m in Sources */,
				B9219D411F1DA2E800B08AFA /* AppDelegate.m in Sources */,
				B9219D3E1F1DA2E800B08AFA /* main.m in Sources */,
				B9351EC91F345E9200A66C17 /* MBProgressHUD.m in Sources */,
			);
			runOnlyForDeploymentPostprocessing = 0;
		};
		B9219D4E1F1DA2E800B08AFA /* Sources */ = {
			isa = PBXSourcesBuildPhase;
			buildActionMask = 2147483647;
			files = (
				B9219D571F1DA2E800B08AFA /* FineDemoTests.m in Sources */,
			);
			runOnlyForDeploymentPostprocessing = 0;
		};
		B9219D591F1DA2E800B08AFA /* Sources */ = {
			isa = PBXSourcesBuildPhase;
			buildActionMask = 2147483647;
			files = (
				B9219D621F1DA2E800B08AFA /* FineDemoUITests.m in Sources */,
			);
			runOnlyForDeploymentPostprocessing = 0;
		};
/* End PBXSourcesBuildPhase section */

/* Begin PBXTargetDependency section */
		B9219D541F1DA2E800B08AFA /* PBXTargetDependency */ = {
			isa = PBXTargetDependency;
			target = B9219D381F1DA2E800B08AFA /* FineDemo */;
			targetProxy = B9219D531F1DA2E800B08AFA /* PBXContainerItemProxy */;
		};
		B9219D5F1F1DA2E800B08AFA /* PBXTargetDependency */ = {
			isa = PBXTargetDependency;
			target = B9219D381F1DA2E800B08AFA /* FineDemo */;
			targetProxy = B9219D5E1F1DA2E800B08AFA /* PBXContainerItemProxy */;
		};
/* End PBXTargetDependency section */

/* Begin PBXVariantGroup section */
		B9219D451F1DA2E800B08AFA /* Main.storyboard */ = {
			isa = PBXVariantGroup;
			children = (
				B9219D461F1DA2E800B08AFA /* Base */,
			);
			name = Main.storyboard;
			sourceTree = "<group>";
		};
		B9219D4A1F1DA2E800B08AFA /* LaunchScreen.storyboard */ = {
			isa = PBXVariantGroup;
			children = (
				B9219D4B1F1DA2E800B08AFA /* Base */,
			);
			name = LaunchScreen.storyboard;
			sourceTree = "<group>";
		};
/* End PBXVariantGroup section */

/* Begin XCBuildConfiguration section */
		B9219D641F1DA2E800B08AFA /* Debug */ = {
			isa = XCBuildConfiguration;
			buildSettings = {
				ALWAYS_SEARCH_USER_PATHS = NO;
				CLANG_ANALYZER_NONNULL = YES;
				CLANG_ANALYZER_NUMBER_OBJECT_CONVERSION = YES_AGGRESSIVE;
				CLANG_CXX_LANGUAGE_STANDARD = "gnu++0x";
				CLANG_CXX_LIBRARY = "libc++";
				CLANG_ENABLE_MODULES = YES;
				CLANG_ENABLE_OBJC_ARC = YES;
				CLANG_WARN_BOOL_CONVERSION = YES;
				CLANG_WARN_CONSTANT_CONVERSION = YES;
				CLANG_WARN_DIRECT_OBJC_ISA_USAGE = YES_ERROR;
				CLANG_WARN_DOCUMENTATION_COMMENTS = YES;
				CLANG_WARN_EMPTY_BODY = YES;
				CLANG_WARN_ENUM_CONVERSION = YES;
				CLANG_WARN_INFINITE_RECURSION = YES;
				CLANG_WARN_INT_CONVERSION = YES;
				CLANG_WARN_OBJC_ROOT_CLASS = YES_ERROR;
				CLANG_WARN_SUSPICIOUS_MOVE = YES;
				CLANG_WARN_UNREACHABLE_CODE = YES;
				CLANG_WARN__DUPLICATE_METHOD_MATCH = YES;
				"CODE_SIGN_IDENTITY[sdk=iphoneos*]" = "iPhone Developer";
				COPY_PHASE_STRIP = NO;
				DEBUG_INFORMATION_FORMAT = dwarf;
				ENABLE_STRICT_OBJC_MSGSEND = YES;
				ENABLE_TESTABILITY = YES;
				GCC_C_LANGUAGE_STANDARD = gnu99;
				GCC_DYNAMIC_NO_PIC = NO;
				GCC_NO_COMMON_BLOCKS = YES;
				GCC_OPTIMIZATION_LEVEL = 0;
				GCC_PREPROCESSOR_DEFINITIONS = (
					"DEBUG=1",
					"$(inherited)",
				);
				GCC_WARN_64_TO_32_BIT_CONVERSION = YES;
				GCC_WARN_ABOUT_RETURN_TYPE = YES_ERROR;
				GCC_WARN_UNDECLARED_SELECTOR = YES;
				GCC_WARN_UNINITIALIZED_AUTOS = YES_AGGRESSIVE;
				GCC_WARN_UNUSED_FUNCTION = YES;
				GCC_WARN_UNUSED_VARIABLE = YES;
				IPHONEOS_DEPLOYMENT_TARGET = 10.3;
				MTL_ENABLE_DEBUG_INFO = YES;
				ONLY_ACTIVE_ARCH = YES;
				SDKROOT = iphoneos;
			};
			name = Debug;
		};
		B9219D651F1DA2E800B08AFA /* Release */ = {
			isa = XCBuildConfiguration;
			buildSettings = {
				ALWAYS_SEARCH_USER_PATHS = NO;
				CLANG_ANALYZER_NONNULL = YES;
				CLANG_ANALYZER_NUMBER_OBJECT_CONVERSION = YES_AGGRESSIVE;
				CLANG_CXX_LANGUAGE_STANDARD = "gnu++0x";
				CLANG_CXX_LIBRARY = "libc++";
				CLANG_ENABLE_MODULES = YES;
				CLANG_ENABLE_OBJC_ARC = YES;
				CLANG_WARN_BOOL_CONVERSION = YES;
				CLANG_WARN_CONSTANT_CONVERSION = YES;
				CLANG_WARN_DIRECT_OBJC_ISA_USAGE = YES_ERROR;
				CLANG_WARN_DOCUMENTATION_COMMENTS = YES;
				CLANG_WARN_EMPTY_BODY = YES;
				CLANG_WARN_ENUM_CONVERSION = YES;
				CLANG_WARN_INFINITE_RECURSION = YES;
				CLANG_WARN_INT_CONVERSION = YES;
				CLANG_WARN_OBJC_ROOT_CLASS = YES_ERROR;
				CLANG_WARN_SUSPICIOUS_MOVE = YES;
				CLANG_WARN_UNREACHABLE_CODE = YES;
				CLANG_WARN__DUPLICATE_METHOD_MATCH = YES;
				"CODE_SIGN_IDENTITY[sdk=iphoneos*]" = "iPhone Developer";
				COPY_PHASE_STRIP = NO;
				DEBUG_INFORMATION_FORMAT = "dwarf-with-dsym";
				ENABLE_NS_ASSERTIONS = NO;
				ENABLE_STRICT_OBJC_MSGSEND = YES;
				GCC_C_LANGUAGE_STANDARD = gnu99;
				GCC_NO_COMMON_BLOCKS = YES;
				GCC_WARN_64_TO_32_BIT_CONVERSION = YES;
				GCC_WARN_ABOUT_RETURN_TYPE = YES_ERROR;
				GCC_WARN_UNDECLARED_SELECTOR = YES;
				GCC_WARN_UNINITIALIZED_AUTOS = YES_AGGRESSIVE;
				GCC_WARN_UNUSED_FUNCTION = YES;
				GCC_WARN_UNUSED_VARIABLE = YES;
				IPHONEOS_DEPLOYMENT_TARGET = 10.3;
				MTL_ENABLE_DEBUG_INFO = NO;
				SDKROOT = iphoneos;
				VALIDATE_PRODUCT = YES;
			};
			name = Release;
		};
		B9219D671F1DA2E800B08AFA /* Debug */ = {
			isa = XCBuildConfiguration;
			buildSettings = {
				ASSETCATALOG_COMPILER_APPICON_NAME = AppIcon;
				CLANG_CXX_LIBRARY = "libstdc++";
				CODE_SIGN_IDENTITY = "iPhone Developer";
				"CODE_SIGN_IDENTITY[sdk=iphoneos*]" = "iPhone Developer";
				DEVELOPMENT_TEAM = AS6U3BZBTC;
				ENABLE_BITCODE = NO;
				FRAMEWORK_SEARCH_PATHS = (
					"$(inherited)",
					"$(PROJECT_DIR)",
					"$(PROJECT_DIR)/FineDemo/FrameWork",
					"$(PROJECT_DIR)/FineDemo/FrameWork/Tapjoy.embeddedframework",
					"$(PROJECT_DIR)/FineDemo/game7_libs",
					"$(PROJECT_DIR)/FineDemo/game7_libs/Tapjoy.embeddedframework",
					"$(PROJECT_DIR)/FineDemo/game7_libs/Inneractive",
					"$(PROJECT_DIR)/FineDemo/game7_libs/Adjust",
					"$(PROJECT_DIR)/FineDemo/game7_libs/Avocarrot",
					"$(PROJECT_DIR)/FineDemo/game7_libs/Mobvista",
					"$(PROJECT_DIR)/FineDemo/game7_libs/Facebook",
					"$(PROJECT_DIR)/FineDemo/game7_libs/BatMobi",
					"$(PROJECT_DIR)/FineSDK/ads_sdk/Inneractive",
					"$(PROJECT_DIR)/FineSDK/ads_sdk/Adjust",
					"$(PROJECT_DIR)/FineSDK/ads_sdk/Avocarrot",
					"$(PROJECT_DIR)/FineSDK/ads_sdk/Tapjoy.embeddedframework",
					"$(PROJECT_DIR)/FineSDK/ads_sdk/Mobvista",
					"$(PROJECT_DIR)/FineSDK/ads_sdk",
					"$(PROJECT_DIR)/FineSDK/ads_sdk/Facebook",
					"$(PROJECT_DIR)/FineSDK/ads_sdk/BatMobi",
					"$(PROJECT_DIR)/FineSDK",
				);
				INFOPLIST_FILE = FineDemo/Info.plist;
				IPHONEOS_DEPLOYMENT_TARGET = 8.0;
				LD_RUNPATH_SEARCH_PATHS = "$(inherited) @executable_path/Frameworks";
				LIBRARY_SEARCH_PATHS = (
					"$(inherited)",
					"$(PROJECT_DIR)/FineDemo/Frameworks",
					"$(PROJECT_DIR)/FineDemo/FrameWork",
					"$(PROJECT_DIR)/FineDemo/game7_libs/GCDWebServer",
					"$(PROJECT_DIR)/FineDemo/game7_libs",
					"$(PROJECT_DIR)/FineDemo/game7_libs/Appnext",
					"$(PROJECT_DIR)/FineSDK/ads_sdk/GCDWebServer",
					"$(PROJECT_DIR)/FineSDK/ads_sdk/Appnext",
				);
				OTHER_LDFLAGS = (
					"-ObjC",
					"-lxml2",
					"-lc++",
				);
				PRODUCT_BUNDLE_IDENTIFIER = com.yifants.bigger.fish;
				PRODUCT_NAME = "$(TARGET_NAME)";
				PROVISIONING_PROFILE = "";
				PROVISIONING_PROFILE_SPECIFIER = "";
				TARGETED_DEVICE_FAMILY = "1,2";
				VALID_ARCHS = "arm64 armv7 armv7s i386 x86_64";
			};
			name = Debug;
		};
		B9219D681F1DA2E800B08AFA /* Release */ = {
			isa = XCBuildConfiguration;
			buildSettings = {
				ASSETCATALOG_COMPILER_APPICON_NAME = AppIcon;
				CLANG_CXX_LIBRARY = "libstdc++";
				CODE_SIGN_IDENTITY = "iPhone Developer";
				"CODE_SIGN_IDENTITY[sdk=iphoneos*]" = "iPhone Developer";
				DEVELOPMENT_TEAM = AS6U3BZBTC;
				ENABLE_BITCODE = NO;
				FRAMEWORK_SEARCH_PATHS = (
					"$(inherited)",
					"$(PROJECT_DIR)",
					"$(PROJECT_DIR)/FineDemo/FrameWork",
					"$(PROJECT_DIR)/FineDemo/FrameWork/Tapjoy.embeddedframework",
					"$(PROJECT_DIR)/FineDemo/game7_libs",
					"$(PROJECT_DIR)/FineDemo/game7_libs/Tapjoy.embeddedframework",
					"$(PROJECT_DIR)/FineDemo/game7_libs/Inneractive",
					"$(PROJECT_DIR)/FineDemo/game7_libs/Adjust",
					"$(PROJECT_DIR)/FineDemo/game7_libs/Avocarrot",
					"$(PROJECT_DIR)/FineDemo/game7_libs/Mobvista",
					"$(PROJECT_DIR)/FineDemo/game7_libs/Facebook",
					"$(PROJECT_DIR)/FineDemo/game7_libs/BatMobi",
					"$(PROJECT_DIR)/FineSDK/ads_sdk/Inneractive",
					"$(PROJECT_DIR)/FineSDK/ads_sdk/Adjust",
					"$(PROJECT_DIR)/FineSDK/ads_sdk/Avocarrot",
					"$(PROJECT_DIR)/FineSDK/ads_sdk/Tapjoy.embeddedframework",
					"$(PROJECT_DIR)/FineSDK/ads_sdk/Mobvista",
					"$(PROJECT_DIR)/FineSDK/ads_sdk",
					"$(PROJECT_DIR)/FineSDK/ads_sdk/Facebook",
					"$(PROJECT_DIR)/FineSDK/ads_sdk/BatMobi",
					"$(PROJECT_DIR)/FineSDK",
				);
				INFOPLIST_FILE = FineDemo/Info.plist;
				IPHONEOS_DEPLOYMENT_TARGET = 8.0;
				LD_RUNPATH_SEARCH_PATHS = "$(inherited) @executable_path/Frameworks";
				LIBRARY_SEARCH_PATHS = (
					"$(inherited)",
					"$(PROJECT_DIR)/FineDemo/Frameworks",
					"$(PROJECT_DIR)/FineDemo/FrameWork",
					"$(PROJECT_DIR)/FineDemo/game7_libs/GCDWebServer",
					"$(PROJECT_DIR)/FineDemo/game7_libs",
					"$(PROJECT_DIR)/FineDemo/game7_libs/Appnext",
					"$(PROJECT_DIR)/FineSDK/ads_sdk/GCDWebServer",
					"$(PROJECT_DIR)/FineSDK/ads_sdk/Appnext",
				);
				OTHER_LDFLAGS = (
					"-ObjC",
					"-lxml2",
					"-lc++",
				);
				PRODUCT_BUNDLE_IDENTIFIER = com.yifants.bigger.fish;
				PRODUCT_NAME = "$(TARGET_NAME)";
				PROVISIONING_PROFILE = "";
				PROVISIONING_PROFILE_SPECIFIER = "";
				TARGETED_DEVICE_FAMILY = "1,2";
				VALID_ARCHS = "arm64 armv7 armv7s i386 x86_64";
			};
			name = Release;
		};
		B9219D6A1F1DA2E800B08AFA /* Debug */ = {
			isa = XCBuildConfiguration;
			buildSettings = {
				BUNDLE_LOADER = "$(TEST_HOST)";
				DEVELOPMENT_TEAM = AS6U3BZBTC;
				INFOPLIST_FILE = FineDemoTests/Info.plist;
				LD_RUNPATH_SEARCH_PATHS = "$(inherited) @executable_path/Frameworks @loader_path/Frameworks";
				PRODUCT_BUNDLE_IDENTIFIER = yifan.FineDemoTests;
				PRODUCT_NAME = "$(TARGET_NAME)";
				TEST_HOST = "$(BUILT_PRODUCTS_DIR)/FineDemo.app/FineDemo";
			};
			name = Debug;
		};
		B9219D6B1F1DA2E800B08AFA /* Release */ = {
			isa = XCBuildConfiguration;
			buildSettings = {
				BUNDLE_LOADER = "$(TEST_HOST)";
				DEVELOPMENT_TEAM = AS6U3BZBTC;
				INFOPLIST_FILE = FineDemoTests/Info.plist;
				LD_RUNPATH_SEARCH_PATHS = "$(inherited) @executable_path/Frameworks @loader_path/Frameworks";
				PRODUCT_BUNDLE_IDENTIFIER = yifan.FineDemoTests;
				PRODUCT_NAME = "$(TARGET_NAME)";
				TEST_HOST = "$(BUILT_PRODUCTS_DIR)/FineDemo.app/FineDemo";
			};
			name = Release;
		};
		B9219D6D1F1DA2E800B08AFA /* Debug */ = {
			isa = XCBuildConfiguration;
			buildSettings = {
				DEVELOPMENT_TEAM = AS6U3BZBTC;
				INFOPLIST_FILE = FineDemoUITests/Info.plist;
				LD_RUNPATH_SEARCH_PATHS = "$(inherited) @executable_path/Frameworks @loader_path/Frameworks";
				PRODUCT_BUNDLE_IDENTIFIER = yifan.FineDemoUITests;
				PRODUCT_NAME = "$(TARGET_NAME)";
				TEST_TARGET_NAME = FineDemo;
			};
			name = Debug;
		};
		B9219D6E1F1DA2E800B08AFA /* Release */ = {
			isa = XCBuildConfiguration;
			buildSettings = {
				DEVELOPMENT_TEAM = AS6U3BZBTC;
				INFOPLIST_FILE = FineDemoUITests/Info.plist;
				LD_RUNPATH_SEARCH_PATHS = "$(inherited) @executable_path/Frameworks @loader_path/Frameworks";
				PRODUCT_BUNDLE_IDENTIFIER = yifan.FineDemoUITests;
				PRODUCT_NAME = "$(TARGET_NAME)";
				TEST_TARGET_NAME = FineDemo;
			};
			name = Release;
		};
/* End XCBuildConfiguration section */

/* Begin XCConfigurationList section */
		B9219D341F1DA2E800B08AFA /* Build configuration list for PBXProject "FineDemo" */ = {
			isa = XCConfigurationList;
			buildConfigurations = (
				B9219D641F1DA2E800B08AFA /* Debug */,
				B9219D651F1DA2E800B08AFA /* Release */,
			);
			defaultConfigurationIsVisible = 0;
			defaultConfigurationName = Release;
		};
		B9219D661F1DA2E800B08AFA /* Build configuration list for PBXNativeTarget "FineDemo" */ = {
			isa = XCConfigurationList;
			buildConfigurations = (
				B9219D671F1DA2E800B08AFA /* Debug */,
				B9219D681F1DA2E800B08AFA /* Release */,
			);
			defaultConfigurationIsVisible = 0;
			defaultConfigurationName = Release;
		};
		B9219D691F1DA2E800B08AFA /* Build configuration list for PBXNativeTarget "FineDemoTests" */ = {
			isa = XCConfigurationList;
			buildConfigurations = (
				B9219D6A1F1DA2E800B08AFA /* Debug */,
				B9219D6B1F1DA2E800B08AFA /* Release */,
			);
			defaultConfigurationIsVisible = 0;
			defaultConfigurationName = Release;
		};
		B9219D6C1F1DA2E800B08AFA /* Build configuration list for PBXNativeTarget "FineDemoUITests" */ = {
			isa = XCConfigurationList;
			buildConfigurations = (
				B9219D6D1F1DA2E800B08AFA /* Debug */,
				B9219D6E1F1DA2E800B08AFA /* Release */,
			);
			defaultConfigurationIsVisible = 0;
			defaultConfigurationName = Release;
		};
/* End XCConfigurationList section */
	};
	rootObject = B9219D311F1DA2E800B08AFA /* Project object */;
}
